
Microsoft Visual Studio Solution File, Format Version 12.00
# Visual Studio Version 17
VisualStudioVersion = 17.4.33110.190
MinimumVisualStudioVersion = 10.0.40219.1
Project("{FAE04EC0-301F-11D3-BF4B-00C04F79EFBC}") = "SignalRChatApp.API", "SignalRChatApp.API\SignalRChatApp.API.csproj", "{DBDA448A-CEBC-4E3C-AD97-9F14420AD315}"
EndProject
Global
	GlobalSection(SolutionConfigurationPlatforms) = preSolution
		Debug|Any CPU = Debug|Any CPU
		Release|Any CPU = Release|Any CPU
	EndGlobalSection
	GlobalSection(ProjectConfigurationPlatforms) = postSolution
		{DBDA448A-CEBC-4E3C-AD97-9F14420AD315}.Debug|Any CPU.ActiveCfg = Debug|Any CPU
		{DBDA448A-CEBC-4E3C-AD97-9F14420AD315}.Debug|Any CPU.Build.0 = Debug|Any CPU
		{DBDA448A-CEBC-4E3C-AD97-9F14420AD315}.Release|Any CPU.ActiveCfg = Release|Any CPU
		{DBDA448A-CEBC-4E3C-AD97-9F14420AD315}.Release|Any CPU.Build.0 = Release|Any CPU
	EndGlobalSection
	GlobalSection(SolutionProperties) = preSolution
		HideSolutionNode = FALSE
	EndGlobalSection
	GlobalSection(ExtensibilityGlobals) = postSolution
		SolutionGuid = {F92536E0-CEE5-4B03-A712-8545F663222D}
	EndGlobalSection
EndGlobal
